// !$*UTF8*$!
{
	archiveVersion = 1;
	classes = {
	};
	objectVersion = 77;
	objects = {

/* Begin PBXBuildFile section */
		977844EF2CD46868002A11C8 /* MapLibre in Frameworks */ = {isa = PBXBuildFile; productRef = 977844EE2CD46868002A11C8 /* MapLibre */; };
/* End PBXBuildFile section */

/* Begin PBXContainerItemProxy section */
		977844C52CD27E6E002A11C8 /* PBXContainerItemProxy */ = {
			isa = PBXContainerItemProxy;
			containerPortal = 977844AC2CD27E6C002A11C8 /* Project object */;
			proxyType = 1;
			remoteGlobalIDString = 977844B32CD27E6C002A11C8;
			remoteInfo = Ctraca;
		};
		977844CF2CD27E6E002A11C8 /* PBXContainerItemProxy */ = {
			isa = PBXContainerItemProxy;
			containerPortal = 977844AC2CD27E6C002A11C8 /* Project object */;
			proxyType = 1;
			remoteGlobalIDString = 977844B32CD27E6C002A11C8;
			remoteInfo = Ctraca;
		};
/* End PBXContainerItemProxy section */

/* Begin PBXFileReference section */
		977844B42CD27E6C002A11C8 /* Ctraca.app */ = {isa = PBXFileReference; explicitFileType = wrapper.application; includeInIndex = 0; path = Ctraca.app; sourceTree = BUILT_PRODUCTS_DIR; };
		977844C42CD27E6E002A11C8 /* CtracaTests.xctest */ = {isa = PBXFileReference; explicitFileType = wrapper.cfbundle; includeInIndex = 0; path = CtracaTests.xctest; sourceTree = BUILT_PRODUCTS_DIR; };
		977844CE2CD27E6E002A11C8 /* CtracaUITests.xctest */ = {isa = PBXFileReference; explicitFileType = wrapper.cfbundle; includeInIndex = 0; path = CtracaUITests.xctest; sourceTree = BUILT_PRODUCTS_DIR; };
/* End PBXFileReference section */

/* Begin PBXFileSystemSynchronizedRootGroup section */
		977844B62CD27E6C002A11C8 /* Ctraca */ = {
			isa = PBXFileSystemSynchronizedRootGroup;
			path = Ctraca;
			sourceTree = "<group>";
		};
		977844C72CD27E6E002A11C8 /* CtracaTests */ = {
			isa = PBXFileSystemSynchronizedRootGroup;
			path = CtracaTests;
			sourceTree = "<group>";
		};
		977844D12CD27E6E002A11C8 /* CtracaUITests */ = {
			isa = PBXFileSystemSynchronizedRootGroup;
			path = CtracaUITests;
			sourceTree = "<group>";
		};
/* End PBXFileSystemSynchronizedRootGroup section */

/* Begin PBXFrameworksBuildPhase section */
		977844B12CD27E6C002A11C8 /* Frameworks */ = {
			isa = PBXFrameworksBuildPhase;
			buildActionMask = 2147483647;
			files = (
				977844EF2CD46868002A11C8 /* MapLibre in Frameworks */,
			);
			runOnlyForDeploymentPostprocessing = 0;
		};
		977844C12CD27E6E002A11C8 /* Frameworks */ = {
			isa = PBXFrameworksBuildPhase;
			buildActionMask = 2147483647;
			files = (
			);
			runOnlyForDeploymentPostprocessing = 0;
		};
		977844CB2CD27E6E002A11C8 /* Frameworks */ = {
			isa = PBXFrameworksBuildPhase;
			buildActionMask = 2147483647;
			files = (
			);
			runOnlyForDeploymentPostprocessing = 0;
		};
/* End PBXFrameworksBuildPhase section */

/* Begin PBXGroup section */
		977844AB2CD27E6C002A11C8 = {
			isa = PBXGroup;
			children = (
				977844B62CD27E6C002A11C8 /* Ctraca */,
				977844C72CD27E6E002A11C8 /* CtracaTests */,
				977844D12CD27E6E002A11C8 /* CtracaUITests */,
				977844B52CD27E6C002A11C8 /* Products */,
			);
			sourceTree = "<group>";
		};
		977844B52CD27E6C002A11C8 /* Products */ = {
			isa = PBXGroup;
			children = (
				977844B42CD27E6C002A11C8 /* Ctraca.app */,
				977844C42CD27E6E002A11C8 /* CtracaTests.xctest */,
				977844CE2CD27E6E002A11C8 /* CtracaUITests.xctest */,
			);
			name = Products;
			sourceTree = "<group>";
		};
/* End PBXGroup section */

/* Begin PBXNativeTarget section */
		977844B32CD27E6C002A11C8 /* Ctraca */ = {
			isa = PBXNativeTarget;
			buildConfigurationList = 977844D82CD27E6E002A11C8 /* Build configuration list for PBXNativeTarget "Ctraca" */;
			buildPhases = (
				977844B02CD27E6C002A11C8 /* Sources */,
				977844B12CD27E6C002A11C8 /* Frameworks */,
				977844B22CD27E6C002A11C8 /* Resources */,
			);
			buildRules = (
			);
			dependencies = (
			);
			fileSystemSynchronizedGroups = (
				977844B62CD27E6C002A11C8 /* Ctraca */,
			);
			name = Ctraca;
			packageProductDependencies = (
				977844EE2CD46868002A11C8 /* MapLibre */,
			);
			productName = Ctraca;
			productReference = 977844B42CD27E6C002A11C8 /* Ctraca.app */;
			productType = "com.apple.product-type.application";
		};
		977844C32CD27E6E002A11C8 /* CtracaTests */ = {
			isa = PBXNativeTarget;
			buildConfigurationList = 977844DB2CD27E6E002A11C8 /* Build configuration list for PBXNativeTarget "CtracaTests" */;
			buildPhases = (
				977844C02CD27E6E002A11C8 /* Sources */,
				977844C12CD27E6E002A11C8 /* Frameworks */,
				977844C22CD27E6E002A11C8 /* Resources */,
			);
			buildRules = (
			);
			dependencies = (
				977844C62CD27E6E002A11C8 /* PBXTargetDependency */,
			);
			fileSystemSynchronizedGroups = (
				977844C72CD27E6E002A11C8 /* CtracaTests */,
			);
			name = CtracaTests;
			packageProductDependencies = (
			);
			productName = CtracaTests;
			productReference = 977844C42CD27E6E002A11C8 /* CtracaTests.xctest */;
			productType = "com.apple.product-type.bundle.unit-test";
		};
		977844CD2CD27E6E002A11C8 /* CtracaUITests */ = {
			isa = PBXNativeTarget;
			buildConfigurationList = 977844DE2CD27E6E002A11C8 /* Build configuration list for PBXNativeTarget "CtracaUITests" */;
			buildPhases = (
				977844CA2CD27E6E002A11C8 /* Sources */,
				977844CB2CD27E6E002A11C8 /* Frameworks */,
				977844CC2CD27E6E002A11C8 /* Resources */,
			);
			buildRules = (
			);
			dependencies = (
				977844D02CD27E6E002A11C8 /* PBXTargetDependency */,
			);
			fileSystemSynchronizedGroups = (
				977844D12CD27E6E002A11C8 /* CtracaUITests */,
			);
			name = CtracaUITests;
			packageProductDependencies = (
			);
			productName = CtracaUITests;
			productReference = 977844CE2CD27E6E002A11C8 /* CtracaUITests.xctest */;
			productType = "com.apple.product-type.bundle.ui-testing";
		};
/* End PBXNativeTarget section */

/* Begin PBXProject section */
		977844AC2CD27E6C002A11C8 /* Project object */ = {
			isa = PBXProject;
			attributes = {
				BuildIndependentTargetsInParallel = 1;
				LastSwiftUpdateCheck = 1600;
				LastUpgradeCheck = 1600;
				TargetAttributes = {
					977844B32CD27E6C002A11C8 = {
						CreatedOnToolsVersion = 16.0;
					};
					977844C32CD27E6E002A11C8 = {
						CreatedOnToolsVersion = 16.0;
						TestTargetID = 977844B32CD27E6C002A11C8;
					};
					977844CD2CD27E6E002A11C8 = {
						CreatedOnToolsVersion = 16.0;
						TestTargetID = 977844B32CD27E6C002A11C8;
					};
				};
			};
			buildConfigurationList = 977844AF2CD27E6C002A11C8 /* Build configuration list for PBXProject "Ctraca" */;
			developmentRegion = en;
			hasScannedForEncodings = 0;
			knownRegions = (
				en,
				Base,
			);
			mainGroup = 977844AB2CD27E6C002A11C8;
			minimizedProjectReferenceProxies = 1;
			packageReferences = (
				977844ED2CD46868002A11C8 /* XCRemoteSwiftPackageReference "maplibre-gl-native-distribution" */,
			);
			preferredProjectObjectVersion = 77;
			productRefGroup = 977844B52CD27E6C002A11C8 /* Products */;
			projectDirPath = "";
			projectRoot = "";
			targets = (
				977844B32CD27E6C002A11C8 /* Ctraca */,
				977844C32CD27E6E002A11C8 /* CtracaTests */,
				977844CD2CD27E6E002A11C8 /* CtracaUITests */,
			);
		};
/* End PBXProject section */

/* Begin PBXResourcesBuildPhase section */
		977844B22CD27E6C002A11C8 /* Resources */ = {
			isa = PBXResourcesBuildPhase;
			buildActionMask = 2147483647;
			files = (
			);
			runOnlyForDeploymentPostprocessing = 0;
		};
		977844C22CD27E6E002A11C8 /* Resources */ = {
			isa = PBXResourcesBuildPhase;
			buildActionMask = 2147483647;
			files = (
			);
			runOnlyForDeploymentPostprocessing = 0;
		};
		977844CC2CD27E6E002A11C8 /* Resources */ = {
			isa = PBXResourcesBuildPhase;
			buildActionMask = 2147483647;
			files = (
			);
			runOnlyForDeploymentPostprocessing = 0;
		};
/* End PBXResourcesBuildPhase section */

/* Begin PBXSourcesBuildPhase section */
		977844B02CD27E6C002A11C8 /* Sources */ = {
			isa = PBXSourcesBuildPhase;
			buildActionMask = 2147483647;
			files = (
			);
			runOnlyForDeploymentPostprocessing = 0;
		};
		977844C02CD27E6E002A11C8 /* Sources */ = {
			isa = PBXSourcesBuildPhase;
			buildActionMask = 2147483647;
			files = (
			);
			runOnlyForDeploymentPostprocessing = 0;
		};
		977844CA2CD27E6E002A11C8 /* Sources */ = {
			isa = PBXSourcesBuildPhase;
			buildActionMask = 2147483647;
			files = (
			);
			runOnlyForDeploymentPostprocessing = 0;
		};
/* End PBXSourcesBuildPhase section */

/* Begin PBXTargetDependency section */
		977844C62CD27E6E002A11C8 /* PBXTargetDependency */ = {
			isa = PBXTargetDependency;
			target = 977844B32CD27E6C002A11C8 /* Ctraca */;
			targetProxy = 977844C52CD27E6E002A11C8 /* PBXContainerItemProxy */;
		};
		977844D02CD27E6E002A11C8 /* PBXTargetDependency */ = {
			isa = PBXTargetDependency;
			target = 977844B32CD27E6C002A11C8 /* Ctraca */;
			targetProxy = 977844CF2CD27E6E002A11C8 /* PBXContainerItemProxy */;
		};
/* End PBXTargetDependency section */

/* Begin XCBuildConfiguration section */
		977844D62CD27E6E002A11C8 /* Debug */ = {
			isa = XCBuildConfiguration;
			buildSettings = {
				ALWAYS_SEARCH_USER_PATHS = NO;
				ASSETCATALOG_COMPILER_GENERATE_SWIFT_ASSET_SYMBOL_EXTENSIONS = YES;
				CLANG_ANALYZER_NONNULL = YES;
				CLANG_ANALYZER_NUMBER_OBJECT_CONVERSION = YES_AGGRESSIVE;
				CLANG_CXX_LANGUAGE_STANDARD = "gnu++20";
				CLANG_ENABLE_MODULES = YES;
				CLANG_ENABLE_OBJC_ARC = YES;
				CLANG_ENABLE_OBJC_WEAK = YES;
				CLANG_WARN_BLOCK_CAPTURE_AUTORELEASING = YES;
				CLANG_WARN_BOOL_CONVERSION = YES;
				CLANG_WARN_COMMA = YES;
				CLANG_WARN_CONSTANT_CONVERSION = YES;
				CLANG_WARN_DEPRECATED_OBJC_IMPLEMENTATIONS = YES;
				CLANG_WARN_DIRECT_OBJC_ISA_USAGE = YES_ERROR;
				CLANG_WARN_DOCUMENTATION_COMMENTS = YES;
				CLANG_WARN_EMPTY_BODY = YES;
				CLANG_WARN_ENUM_CONVERSION = YES;
				CLANG_WARN_INFINITE_RECURSION = YES;
				CLANG_WARN_INT_CONVERSION = YES;
				CLANG_WARN_NON_LITERAL_NULL_CONVERSION = YES;
				CLANG_WARN_OBJC_IMPLICIT_RETAIN_SELF = YES;
				CLANG_WARN_OBJC_LITERAL_CONVERSION = YES;
				CLANG_WARN_OBJC_ROOT_CLASS = YES_ERROR;
				CLANG_WARN_QUOTED_INCLUDE_IN_FRAMEWORK_HEADER = YES;
				CLANG_WARN_RANGE_LOOP_ANALYSIS = YES;
				CLANG_WARN_STRICT_PROTOTYPES = YES;
				CLANG_WARN_SUSPICIOUS_MOVE = YES;
				CLANG_WARN_UNGUARDED_AVAILABILITY = YES_AGGRESSIVE;
				CLANG_WARN_UNREACHABLE_CODE = YES;
				CLANG_WARN__DUPLICATE_METHOD_MATCH = YES;
				COPY_PHASE_STRIP = NO;
				DEBUG_INFORMATION_FORMAT = dwarf;
				ENABLE_STRICT_OBJC_MSGSEND = YES;
				ENABLE_TESTABILITY = YES;
				ENABLE_USER_SCRIPT_SANDBOXING = YES;
				GCC_C_LANGUAGE_STANDARD = gnu17;
				GCC_DYNAMIC_NO_PIC = NO;
				GCC_NO_COMMON_BLOCKS = YES;
				GCC_OPTIMIZATION_LEVEL = 0;
				GCC_PREPROCESSOR_DEFINITIONS = (
					"DEBUG=1",
					"$(inherited)",
				);
				GCC_WARN_64_TO_32_BIT_CONVERSION = YES;
				GCC_WARN_ABOUT_RETURN_TYPE = YES_ERROR;
				GCC_WARN_UNDECLARED_SELECTOR = YES;
				GCC_WARN_UNINITIALIZED_AUTOS = YES_AGGRESSIVE;
				GCC_WARN_UNUSED_FUNCTION = YES;
				GCC_WARN_UNUSED_VARIABLE = YES;
				IPHONEOS_DEPLOYMENT_TARGET = 18.0;
				LOCALIZATION_PREFERS_STRING_CATALOGS = YES;
				MTL_ENABLE_DEBUG_INFO = INCLUDE_SOURCE;
				MTL_FAST_MATH = YES;
				ONLY_ACTIVE_ARCH = YES;
				SDKROOT = iphoneos;
				SWIFT_ACTIVE_COMPILATION_CONDITIONS = "DEBUG $(inherited)";
				SWIFT_OPTIMIZATION_LEVEL = "-Onone";
			};
			name = Debug;
		};
		977844D72CD27E6E002A11C8 /* Release */ = {
			isa = XCBuildConfiguration;
			buildSettings = {
				ALWAYS_SEARCH_USER_PATHS = NO;
				ASSETCATALOG_COMPILER_GENERATE_SWIFT_ASSET_SYMBOL_EXTENSIONS = YES;
				CLANG_ANALYZER_NONNULL = YES;
				CLANG_ANALYZER_NUMBER_OBJECT_CONVERSION = YES_AGGRESSIVE;
				CLANG_CXX_LANGUAGE_STANDARD = "gnu++20";
				CLANG_ENABLE_MODULES = YES;
				CLANG_ENABLE_OBJC_ARC = YES;
				CLANG_ENABLE_OBJC_WEAK = YES;
				CLANG_WARN_BLOCK_CAPTURE_AUTORELEASING = YES;
				CLANG_WARN_BOOL_CONVERSION = YES;
				CLANG_WARN_COMMA = YES;
				CLANG_WARN_CONSTANT_CONVERSION = YES;
				CLANG_WARN_DEPRECATED_OBJC_IMPLEMENTATIONS = YES;
				CLANG_WARN_DIRECT_OBJC_ISA_USAGE = YES_ERROR;
				CLANG_WARN_DOCUMENTATION_COMMENTS = YES;
				CLANG_WARN_EMPTY_BODY = YES;
				CLANG_WARN_ENUM_CONVERSION = YES;
				CLANG_WARN_INFINITE_RECURSION = YES;
				CLANG_WARN_INT_CONVERSION = YES;
				CLANG_WARN_NON_LITERAL_NULL_CONVERSION = YES;
				CLANG_WARN_OBJC_IMPLICIT_RETAIN_SELF = YES;
				CLANG_WARN_OBJC_LITERAL_CONVERSION = YES;
				CLANG_WARN_OBJC_ROOT_CLASS = YES_ERROR;
				CLANG_WARN_QUOTED_INCLUDE_IN_FRAMEWORK_HEADER = YES;
				CLANG_WARN_RANGE_LOOP_ANALYSIS = YES;
				CLANG_WARN_STRICT_PROTOTYPES = YES;
				CLANG_WARN_SUSPICIOUS_MOVE = YES;
				CLANG_WARN_UNGUARDED_AVAILABILITY = YES_AGGRESSIVE;
				CLANG_WARN_UNREACHABLE_CODE = YES;
				CLANG_WARN__DUPLICATE_METHOD_MATCH = YES;
				COPY_PHASE_STRIP = NO;
				DEBUG_INFORMATION_FORMAT = "dwarf-with-dsym";
				ENABLE_NS_ASSERTIONS = NO;
				ENABLE_STRICT_OBJC_MSGSEND = YES;
				ENABLE_USER_SCRIPT_SANDBOXING = YES;
				GCC_C_LANGUAGE_STANDARD = gnu17;
				GCC_NO_COMMON_BLOCKS = YES;
				GCC_WARN_64_TO_32_BIT_CONVERSION = YES;
				GCC_WARN_ABOUT_RETURN_TYPE = YES_ERROR;
				GCC_WARN_UNDECLARED_SELECTOR = YES;
				GCC_WARN_UNINITIALIZED_AUTOS = YES_AGGRESSIVE;
				GCC_WARN_UNUSED_FUNCTION = YES;
				GCC_WARN_UNUSED_VARIABLE = YES;
				IPHONEOS_DEPLOYMENT_TARGET = 18.0;
				LOCALIZATION_PREFERS_STRING_CATALOGS = YES;
				MTL_ENABLE_DEBUG_INFO = NO;
				MTL_FAST_MATH = YES;
				SDKROOT = iphoneos;
				SWIFT_COMPILATION_MODE = wholemodule;
				VALIDATE_PRODUCT = YES;
			};
			name = Release;
		};
		977844D92CD27E6E002A11C8 /* Debug */ = {
			isa = XCBuildConfiguration;
			buildSettings = {
				ASSETCATALOG_COMPILER_APPICON_NAME = AppIcon;
				ASSETCATALOG_COMPILER_GLOBAL_ACCENT_COLOR_NAME = AccentColor;
				CODE_SIGN_STYLE = Automatic;
				CURRENT_PROJECT_VERSION = 1;
				DEVELOPMENT_ASSET_PATHS = "\"Ctraca/Preview Content\"";
				DEVELOPMENT_TEAM = 7P8CW3852J;
				ENABLE_PREVIEWS = YES;
				GENERATE_INFOPLIST_FILE = YES;
				INFOPLIST_KEY_UIApplicationSceneManifest_Generation = YES;
				INFOPLIST_KEY_UIApplicationSupportsIndirectInputEvents = YES;
				INFOPLIST_KEY_UILaunchScreen_Generation = YES;
				INFOPLIST_KEY_UISupportedInterfaceOrientations_iPad = "UIInterfaceOrientationPortrait UIInterfaceOrientationPortraitUpsideDown UIInterfaceOrientationLandscapeLeft UIInterfaceOrientationLandscapeRight";
				INFOPLIST_KEY_UISupportedInterfaceOrientations_iPhone = "UIInterfaceOrientationPortrait UIInterfaceOrientationLandscapeLeft UIInterfaceOrientationLandscapeRight";
				LD_RUNPATH_SEARCH_PATHS = (
					"$(inherited)",
					"@executable_path/Frameworks",
				);
				MARKETING_VERSION = 1.0;
				PRODUCT_BUNDLE_IDENTIFIER = "Robson-Corp..Ctraca";
				PRODUCT_NAME = "$(TARGET_NAME)";
				SWIFT_EMIT_LOC_STRINGS = YES;
				SWIFT_VERSION = 5.0;
				TARGETED_DEVICE_FAMILY = "1,2";
			};
			name = Debug;
		};
		977844DA2CD27E6E002A11C8 /* Release */ = {
			isa = XCBuildConfiguration;
			buildSettings = {
				ASSETCATALOG_COMPILER_APPICON_NAME = AppIcon;
				ASSETCATALOG_COMPILER_GLOBAL_ACCENT_COLOR_NAME = AccentColor;
				CODE_SIGN_STYLE = Automatic;
				CURRENT_PROJECT_VERSION = 1;
				DEVELOPMENT_ASSET_PATHS = "\"Ctraca/Preview Content\"";
				DEVELOPMENT_TEAM = 7P8CW3852J;
				ENABLE_PREVIEWS = YES;
				GENERATE_INFOPLIST_FILE = YES;
				INFOPLIST_KEY_UIApplicationSceneManifest_Generation = YES;
				INFOPLIST_KEY_UIApplicationSupportsIndirectInputEvents = YES;
				INFOPLIST_KEY_UILaunchScreen_Generation = YES;
				INFOPLIST_KEY_UISupportedInterfaceOrientations_iPad = "UIInterfaceOrientationPortrait UIInterfaceOrientationPortraitUpsideDown UIInterfaceOrientationLandscapeLeft UIInterfaceOrientationLandscapeRight";
				INFOPLIST_KEY_UISupportedInterfaceOrientations_iPhone = "UIInterfaceOrientationPortrait UIInterfaceOrientationLandscapeLeft UIInterfaceOrientationLandscapeRight";
				LD_RUNPATH_SEARCH_PATHS = (
					"$(inherited)",
					"@executable_path/Frameworks",
				);
				MARKETING_VERSION = 1.0;
				PRODUCT_BUNDLE_IDENTIFIER = "Robson-Corp..Ctraca";
				PRODUCT_NAME = "$(TARGET_NAME)";
				SWIFT_EMIT_LOC_STRINGS = YES;
				SWIFT_VERSION = 5.0;
				TARGETED_DEVICE_FAMILY = "1,2";
			};
			name = Release;
		};
		977844DC2CD27E6E002A11C8 /* Debug */ = {
			isa = XCBuildConfiguration;
			buildSettings = {
				BUNDLE_LOADER = "$(TEST_HOST)";
				CODE_SIGN_STYLE = Automatic;
				CURRENT_PROJECT_VERSION = 1;
				DEVELOPMENT_TEAM = 7P8CW3852J;
				GENERATE_INFOPLIST_FILE = YES;
				IPHONEOS_DEPLOYMENT_TARGET = 18.0;
				MARKETING_VERSION = 1.0;
				PRODUCT_BUNDLE_IDENTIFIER = "Robson-Corp..CtracaTests";
				PRODUCT_NAME = "$(TARGET_NAME)";
				SWIFT_EMIT_LOC_STRINGS = NO;
				SWIFT_VERSION = 5.0;
				TARGETED_DEVICE_FAMILY = "1,2";
				TEST_HOST = "$(BUILT_PRODUCTS_DIR)/Ctraca.app/$(BUNDLE_EXECUTABLE_FOLDER_PATH)/Ctraca";
			};
			name = Debug;
		};
		977844DD2CD27E6E002A11C8 /* Release */ = {
			isa = XCBuildConfiguration;
			buildSettings = {
				BUNDLE_LOADER = "$(TEST_HOST)";
				CODE_SIGN_STYLE = Automatic;
				CURRENT_PROJECT_VERSION = 1;
				DEVELOPMENT_TEAM = 7P8CW3852J;
				GENERATE_INFOPLIST_FILE = YES;
				IPHONEOS_DEPLOYMENT_TARGET = 18.0;
				MARKETING_VERSION = 1.0;
				PRODUCT_BUNDLE_IDENTIFIER = "Robson-Corp..CtracaTests";
				PRODUCT_NAME = "$(TARGET_NAME)";
				SWIFT_EMIT_LOC_STRINGS = NO;
				SWIFT_VERSION = 5.0;
				TARGETED_DEVICE_FAMILY = "1,2";
				TEST_HOST = "$(BUILT_PRODUCTS_DIR)/Ctraca.app/$(BUNDLE_EXECUTABLE_FOLDER_PATH)/Ctraca";
			};
			name = Release;
		};
		977844DF2CD27E6E002A11C8 /* Debug */ = {
			isa = XCBuildConfiguration;
			buildSettings = {
				CODE_SIGN_STYLE = Automatic;
				CURRENT_PROJECT_VERSION = 1;
				DEVELOPMENT_TEAM = 7P8CW3852J;
				GENERATE_INFOPLIST_FILE = YES;
				MARKETING_VERSION = 1.0;
				PRODUCT_BUNDLE_IDENTIFIER = "Robson-Corp..CtracaUITests";
				PRODUCT_NAME = "$(TARGET_NAME)";
				SWIFT_EMIT_LOC_STRINGS = NO;
				SWIFT_VERSION = 5.0;
				TARGETED_DEVICE_FAMILY = "1,2";
				TEST_TARGET_NAME = Ctraca;
			};
			name = Debug;
		};
		977844E02CD27E6E002A11C8 /* Release */ = {
			isa = XCBuildConfiguration;
			buildSettings = {
				CODE_SIGN_STYLE = Automatic;
				CURRENT_PROJECT_VERSION = 1;
				DEVELOPMENT_TEAM = 7P8CW3852J;
				GENERATE_INFOPLIST_FILE = YES;
				MARKETING_VERSION = 1.0;
				PRODUCT_BUNDLE_IDENTIFIER = "Robson-Corp..CtracaUITests";
				PRODUCT_NAME = "$(TARGET_NAME)";
				SWIFT_EMIT_LOC_STRINGS = NO;
				SWIFT_VERSION = 5.0;
				TARGETED_DEVICE_FAMILY = "1,2";
				TEST_TARGET_NAME = Ctraca;
			};
			name = Release;
		};
/* End XCBuildConfiguration section */

/* Begin XCConfigurationList section */
		977844AF2CD27E6C002A11C8 /* Build configuration list for PBXProject "Ctraca" */ = {
			isa = XCConfigurationList;
			buildConfigurations = (
				977844D62CD27E6E002A11C8 /* Debug */,
				977844D72CD27E6E002A11C8 /* Release */,
			);
			defaultConfigurationIsVisible = 0;
			defaultConfigurationName = Release;
		};
		977844D82CD27E6E002A11C8 /* Build configuration list for PBXNativeTarget "Ctraca" */ = {
			isa = XCConfigurationList;
			buildConfigurations = (
				977844D92CD27E6E002A11C8 /* Debug */,
				977844DA2CD27E6E002A11C8 /* Release */,
			);
			defaultConfigurationIsVisible = 0;
			defaultConfigurationName = Release;
		};
		977844DB2CD27E6E002A11C8 /* Build configuration list for PBXNativeTarget "CtracaTests" */ = {
			isa = XCConfigurationList;
			buildConfigurations = (
				977844DC2CD27E6E002A11C8 /* Debug */,
				977844DD2CD27E6E002A11C8 /* Release */,
			);
			defaultConfigurationIsVisible = 0;
			defaultConfigurationName = Release;
		};
		977844DE2CD27E6E002A11C8 /* Build configuration list for PBXNativeTarget "CtracaUITests" */ = {
			isa = XCConfigurationList;
			buildConfigurations = (
				977844DF2CD27E6E002A11C8 /* Debug */,
				977844E02CD27E6E002A11C8 /* Release */,
			);
			defaultConfigurationIsVisible = 0;
			defaultConfigurationName = Release;
		};
/* End XCConfigurationList section */

/* Begin XCRemoteSwiftPackageReference section */
		977844ED2CD46868002A11C8 /* XCRemoteSwiftPackageReference "maplibre-gl-native-distribution" */ = {
			isa = XCRemoteSwiftPackageReference;
			repositoryURL = "https://github.com/maplibre/maplibre-gl-native-distribution.git";
			requirement = {
				kind = upToNextMajorVersion;
				minimumVersion = 6.8.0;
			};
		};
/* End XCRemoteSwiftPackageReference section */

/* Begin XCSwiftPackageProductDependency section */
		977844EE2CD46868002A11C8 /* MapLibre */ = {
			isa = XCSwiftPackageProductDependency;
			package = 977844ED2CD46868002A11C8 /* XCRemoteSwiftPackageReference "maplibre-gl-native-distribution" */;
			productName = MapLibre;
		};
/* End XCSwiftPackageProductDependency section */
	};
	rootObject = 977844AC2CD27E6C002A11C8 /* Project object */;
}
